#MicroXplorer Configuration settings - do not modify
CAD.formats=
CAD.pinconfig=
CAD.provider=
File.Version=6
KeepUserPlacement=true
Mcu.CPN=STM32WB55RGV6
Mcu.Family=STM32WB
Mcu.IP0=NVIC
Mcu.IP1=RCC
Mcu.IP2=SYS
Mcu.IP3=TIM1
Mcu.IP4=TIM2
Mcu.IPNb=5
Mcu.Name=STM32WB55RGVx
Mcu.Package=VFQFPN68
Mcu.Pin0=PA1
Mcu.Pin1=PA8
Mcu.Pin2=VP_SYS_VS_Systick
Mcu.Pin3=VP_TIM2_VS_ControllerModeReset
Mcu.PinsNb=4
Mcu.ThirdPartyNb=0
Mcu.UserConstants=
Mcu.UserName=STM32WB55RGVx
MxCube.Version=6.8.0
MxDb.Version=DB.6.0.80
NVIC.BusFault_IRQn=true\:0\:0\:false\:false\:true\:false\:false\:false
NVIC.DebugMonitor_IRQn=true\:0\:0\:false\:false\:true\:false\:false\:false
NVIC.ForceEnableDMAVector=true
NVIC.HardFault_IRQn=true\:0\:0\:false\:false\:false\:true\:false\:false
NVIC.MemoryManagement_IRQn=true\:0\:0\:false\:false\:true\:false\:false\:false
NVIC.NonMaskableInt_IRQn=true\:0\:0\:false\:false\:false\:true\:false\:false
NVIC.PendSV_IRQn=true\:0\:0\:false\:false\:true\:true\:false\:false
NVIC.PriorityGroup=NVIC_PRIORITYGROUP_4
NVIC.SVCall_IRQn=true\:0\:0\:false\:false\:true\:true\:false\:false
NVIC.SysTick_IRQn=true\:0\:0\:false\:false\:true\:true\:true\:false
NVIC.UsageFault_IRQn=true\:0\:0\:false\:false\:true\:false\:false\:false
PA1.Signal=S_TIM2_CH2
PA8.Signal=S_TIM1_CH1
PCC.Ble.ConnectionInterval=1000.0
PCC.Ble.DataLength=6
PCC.Ble.IsUsed=false
PCC.Ble.Mode=NOT_SELECTED
PCC.Ble.PowerLevel=Min
PCC.Zigbee.IsUsed=false
PCC.Zigbee.Mode=Sleepy End Device
PCC.Zigbee.Payload=15
PCC.Zigbee.PoolPeriodicity=480.0
PCC.Zigbee.PowerLevel=Min
PCC.Zigbee.RequestPeriodicity=1500.0
PinOutPanel.RotationAngle=0
ProjectManager.AskForMigrate=true
ProjectManager.BackupPrevious=false
ProjectManager.CompilerOptimize=6
ProjectManager.ComputerToolchain=false
ProjectManager.CoupleFile=false
ProjectManager.DeletePrevious=true
ProjectManager.DeviceId=STM32WB55RGVx
ProjectManager.FreePins=false
ProjectManager.HalAssertFull=false
ProjectManager.HeapSize=0x200
ProjectManager.KeepUserCode=true
ProjectManager.LastFirmware=true
ProjectManager.LibraryCopy=2
ProjectManager.MainLocation=Src
ProjectManager.NoMain=false
ProjectManager.PreviousToolchain=
ProjectManager.ProjectBuild=false
ProjectManager.ProjectFileName=TIM_PWMInput.ioc
ProjectManager.ProjectName=TIM_PWMInput
ProjectManager.ProjectStructure=
ProjectManager.RegisterCallBack=
ProjectManager.StackSize=0x400
ProjectManager.TargetToolchain=EWARM V8
ProjectManager.ToolChainLocation=
ProjectManager.UnderRoot=false
ProjectManager.functionlistsort=1-MX_GPIO_Init-GPIO-false-HAL-true,2-SystemClock_Config-RCC-false-HAL-true,3-MX_TIM2_Init-TIM2-false-HAL-true,4-MX_TIM1_Init-TIM1-false-HAL-true
RCC.ADCFreq_Value=16000000
RCC.AHB2CLKDivider=RCC_SYSCLK_DIV2
RCC.AHBFreq_Value=64000000
RCC.APB1Freq_Value=64000000
RCC.APB1TimFreq_Value=64000000
RCC.APB2Freq_Value=64000000
RCC.APB2TimFreq_Value=64000000
RCC.APB3Freq_Value=16000000
RCC.CodegenConfigPeriph=false
RCC.Cortex2Freq_Value=32000000
RCC.CortexFreq_Value=64000000
RCC.FCLK2Freq_Value=32000000
RCC.FCLKCortexFreq_Value=64000000
RCC.FamilyName=M
RCC.HCLK2Freq_Value=32000000
RCC.HCLK3Freq_Value=64000000
RCC.HCLKFreq_Value=64000000
RCC.HCLKRFFreq_Value=16000000
RCC.HSE_VALUE=8000000
RCC.HSI48_VALUE=48000000
RCC.HSI_VALUE=16000000
RCC.I2C1Freq_Value=64000000
RCC.I2C3Freq_Value=64000000
RCC.IPParameters=ADCFreq_Value,AHB2CLKDivider,AHBFreq_Value,APB1Freq_Value,APB1TimFreq_Value,APB2Freq_Value,APB2TimFreq_Value,APB3Freq_Value,CodegenConfigPeriph,Cortex2Freq_Value,CortexFreq_Value,FCLK2Freq_Value,FCLKCortexFreq_Value,FamilyName,HCLK2Freq_Value,HCLK3Freq_Value,HCLKFreq_Value,HCLKRFFreq_Value,HSE_VALUE,HSI48_VALUE,HSI_VALUE,I2C1Freq_Value,I2C3Freq_Value,LPTIM1Freq_Value,LPTIM2Freq_Value,LPUART1Freq_Value,LSCOPinFreq_Value,LSE_VALUE,LSI_VALUE,MCO1PinFreq_Value,MSI_VALUE,PLLN,PLLP,PLLPoutputFreq_Value,PLLQ,PLLQoutputFreq_Value,PLLRCLKFreq_Value,PLLSAI1PoutputFreq_Value,PLLSAI1QoutputFreq_Value,PLLSAI1RoutputFreq_Value,PWRFreq_Value,RFWKPFreq_Value,RNGFreq_Value,SAI1Freq_Value,SMPS1Freq_Value,SMPSFreq_Value,SYSCLKFreq_VALUE,SYSCLKSource,USART1Freq_Value,USBFreq_Value,VCOInputFreq_Value,VCOOutputFreq_Value,VCOSAI1OutputFreq_Value
RCC.LPTIM1Freq_Value=64000000
RCC.LPTIM2Freq_Value=64000000
RCC.LPUART1Freq_Value=64000000
RCC.LSCOPinFreq_Value=32000
RCC.LSE_VALUE=32768
RCC.LSI_VALUE=32000
RCC.MCO1PinFreq_Value=64000000
RCC.MSI_VALUE=4000000
RCC.PLLN=32
RCC.PLLP=RCC_PLLP_DIV5
RCC.PLLPoutputFreq_Value=25600000
RCC.PLLQ=RCC_PLLQ_DIV4
RCC.PLLQoutputFreq_Value=32000000
RCC.PLLRCLKFreq_Value=64000000
RCC.PLLSAI1PoutputFreq_Value=16000000
RCC.PLLSAI1QoutputFreq_Value=16000000
RCC.PLLSAI1RoutputFreq_Value=16000000
RCC.PWRFreq_Value=64000000
RCC.RFWKPFreq_Value=7812.5
RCC.RNGFreq_Value=32000
RCC.SAI1Freq_Value=16000000
RCC.SMPS1Freq_Value=8000000
RCC.SMPSFreq_Value=4000000
RCC.SYSCLKFreq_VALUE=64000000
RCC.SYSCLKSource=RCC_SYSCLKSOURCE_PLLCLK
RCC.USART1Freq_Value=64000000
RCC.USBFreq_Value=16000000
RCC.VCOInputFreq_Value=4000000
RCC.VCOOutputFreq_Value=128000000
RCC.VCOSAI1OutputFreq_Value=32000000
SH.S_TIM1_CH1.0=TIM1_CH1,PWM Generation1 CH1
SH.S_TIM1_CH1.ConfNb=1
SH.S_TIM2_CH2.0=TIM2_CH2,TriggerSource_TI2FP2
SH.S_TIM2_CH2.1=TIM2_CH2,Input_Capture2_from_TI2
SH.S_TIM2_CH2.2=TIM2_CH2,Input_Capture1_from_TI2
SH.S_TIM2_CH2.ConfNb=3
TIM1.AutoReloadPreload=TIM_AUTORELOAD_PRELOAD_DISABLE
TIM1.AutomaticOutput=TIM_AUTOMATICOUTPUT_DISABLE
TIM1.Break2Filter=0
TIM1.Break2Polarity=TIM_BREAK2POLARITY_HIGH
TIM1.Break2State=TIM_BREAK2_DISABLE
TIM1.BreakFilter=0
TIM1.BreakPolarity=TIM_BREAKPOLARITY_HIGH
TIM1.BreakState=TIM_BREAK_DISABLE
TIM1.Channel-PWM\ Generation1\ CH1=TIM_CHANNEL_1
TIM1.ClearInputSource=TIM_CLEARINPUTSOURCE_NONE
TIM1.ClockDivision=TIM_CLOCKDIVISION_DIV1
TIM1.CounterMode=TIM_COUNTERMODE_UP
TIM1.IPParameters=Prescaler,CounterMode,Period,ClockDivision,RepetitionCounter,AutoReloadPreload,TIM_MasterSlaveMode,TIM_MasterOutputTrigger,TIM_MasterOutputTrigger2,BreakState,BreakPolarity,BreakFilter,SourceBRKDigInput,SourceBRKCOMP1,SourceBRKCOMP2,Break2State,Break2Polarity,Break2Filter,SourceBRK2DigInput,SourceBRK2COMP1,SourceBRK2COMP2,AutomaticOutput,OffStateRunMode,OffStateIDLEMode,LockLevel,ClearInputSource,OCMode_PWM-PWM Generation1 CH1,Pulse-PWM Generation1 CH1,OCFastMode_PWM-PWM Generation1 CH1,OCPolarity_1,OCIdleState_1,Channel-PWM Generation1 CH1
TIM1.IPParametersWithoutCheck=Pulse-PWM Generation1 CH1,Prescaler,Period
TIM1.LockLevel=TIM_LOCKLEVEL_OFF
TIM1.OCFastMode_PWM-PWM\ Generation1\ CH1=TIM_OCFAST_DISABLE
TIM1.OCIdleState_1=TIM_OCIDLESTATE_RESET
TIM1.OCMode_PWM-PWM\ Generation1\ CH1=TIM_OCMODE_PWM1
TIM1.OCPolarity_1=TIM_OCPOLARITY_HIGH
TIM1.OffStateIDLEMode=TIM_OSSI_DISABLE
TIM1.OffStateRunMode=TIM_OSSR_DISABLE
TIM1.Period=(SystemCoreClock/1)/aFrequency[0]
TIM1.Prescaler=uhPrescalerValue
TIM1.Pulse-PWM\ Generation1\ CH1=((SystemCoreClock/1)/aFrequency[0])/aDutyCycle[0]
TIM1.RepetitionCounter=0
TIM1.SourceBRK2COMP1=TIM_BREAKINPUTSOURCE_DISABLE
TIM1.SourceBRK2COMP2=TIM_BREAKINPUTSOURCE_DISABLE
TIM1.SourceBRK2DigInput=TIM_BREAKINPUTSOURCE_DISABLE
TIM1.SourceBRKCOMP1=TIM_BREAKINPUTSOURCE_DISABLE
TIM1.SourceBRKCOMP2=TIM_BREAKINPUTSOURCE_DISABLE
TIM1.SourceBRKDigInput=TIM_BREAKINPUTSOURCE_DISABLE
TIM1.TIM_MasterOutputTrigger=TIM_TRGO_RESET
TIM1.TIM_MasterOutputTrigger2=TIM_TRGO2_RESET
TIM1.TIM_MasterSlaveMode=TIM_MASTERSLAVEMODE_DISABLE
TIM2.AutoReloadPreload=TIM_AUTORELOAD_PRELOAD_DISABLE
TIM2.Channel-Input_Capture1_from_TI2=TIM_CHANNEL_1
TIM2.Channel-Input_Capture2_from_TI2=TIM_CHANNEL_2
TIM2.ClockDivision=TIM_CLOCKDIVISION_DIV1
TIM2.CounterMode=TIM_COUNTERMODE_UP
TIM2.ICFilter_CH2=0
TIM2.ICPolarity_CH1=TIM_INPUTCHANNELPOLARITY_FALLING
TIM2.ICPolarity_CH2=TIM_INPUTCHANNELPOLARITY_RISING
TIM2.ICPrescaler-Input_Capture1_from_TI2=TIM_ICPSC_DIV1
TIM2.ICPrescaler-Input_Capture2_from_TI2=TIM_ICPSC_DIV1
TIM2.ICSelection-Input_Capture1_from_TI2=TIM_ICSELECTION_INDIRECTTI
TIM2.ICSelection-Input_Capture2_from_TI2=TIM_ICSELECTION_DIRECTTI
TIM2.IPParameters=Prescaler,CounterMode,Period,ClockDivision,AutoReloadPreload,TIM_MasterSlaveMode,TIM_MasterOutputTrigger,TIM_SlaveMode,ICPolarity_CH1,ICSelection-Input_Capture1_from_TI2,ICPrescaler-Input_Capture1_from_TI2,ICPolarity_CH2,ICSelection-Input_Capture2_from_TI2,ICPrescaler-Input_Capture2_from_TI2,ICFilter_CH2,Channel-Input_Capture1_from_TI2,Channel-Input_Capture2_from_TI2
TIM2.Period=0xFFFF
TIM2.Prescaler=0x0
TIM2.TIM_MasterOutputTrigger=TIM_TRGO_RESET
TIM2.TIM_MasterSlaveMode=TIM_MASTERSLAVEMODE_DISABLE
TIM2.TIM_SlaveMode=TIM_SLAVEMODE_RESET
VP_SYS_VS_Systick.Mode=SysTick
VP_SYS_VS_Systick.Signal=SYS_VS_Systick
VP_TIM2_VS_ControllerModeReset.Mode=Reset Mode
VP_TIM2_VS_ControllerModeReset.Signal=TIM2_VS_ControllerModeReset
board=custom
ProjectManager.Example=TIM_PWMInput
ProjectManager.ExampleSource=CubeFw
