#MicroXplorer Configuration settings - do not modify
CAD.formats=
CAD.pinconfig=
CAD.provider=
Dma.LPUART1_TX.0.Direction=DMA_MEMORY_TO_PERIPH
Dma.LPUART1_TX.0.EventEnable=DISABLE
Dma.LPUART1_TX.0.Instance=DMA1_Channel4
Dma.LPUART1_TX.0.MemDataAlignment=DMA_MDATAALIGN_BYTE
Dma.LPUART1_TX.0.MemInc=DMA_MINC_ENABLE
Dma.LPUART1_TX.0.Mode=DMA_NORMAL
Dma.LPUART1_TX.0.PeriphDataAlignment=DMA_PDATAALIGN_BYTE
Dma.LPUART1_TX.0.PeriphInc=DMA_PINC_DISABLE
Dma.LPUART1_TX.0.Polarity=HAL_DMAMUX_REQ_GEN_RISING
Dma.LPUART1_TX.0.Priority=DMA_PRIORITY_LOW
Dma.LPUART1_TX.0.RequestNumber=1
Dma.LPUART1_TX.0.RequestParameters=Instance,Direction,PeriphInc,MemInc,PeriphDataAlignment,MemDataAlignment,Mode,Priority,SignalID,Polarity,RequestNumber,SyncSignalID,SyncPolarity,SyncEnable,EventEnable,SyncRequestNumber
Dma.LPUART1_TX.0.SignalID=HAL_DMAMUX1_REQ_GEN_DMAMUX1_CH1_EVT
Dma.LPUART1_TX.0.SyncEnable=DISABLE
Dma.LPUART1_TX.0.SyncPolarity=HAL_DMAMUX_SYNC_NO_EVENT
Dma.LPUART1_TX.0.SyncRequestNumber=1
Dma.LPUART1_TX.0.SyncSignalID=HAL_DMAMUX1_SYNC_DMAMUX1_CH1_EVT
Dma.Request0=LPUART1_TX
Dma.Request1=USART1_TX
Dma.RequestsNb=2
Dma.USART1_TX.1.Direction=DMA_MEMORY_TO_PERIPH
Dma.USART1_TX.1.EventEnable=DISABLE
Dma.USART1_TX.1.Instance=DMA2_Channel4
Dma.USART1_TX.1.MemDataAlignment=DMA_MDATAALIGN_BYTE
Dma.USART1_TX.1.MemInc=DMA_MINC_ENABLE
Dma.USART1_TX.1.Mode=DMA_NORMAL
Dma.USART1_TX.1.PeriphDataAlignment=DMA_PDATAALIGN_BYTE
Dma.USART1_TX.1.PeriphInc=DMA_PINC_DISABLE
Dma.USART1_TX.1.Polarity=HAL_DMAMUX_REQ_GEN_RISING
Dma.USART1_TX.1.Priority=DMA_PRIORITY_LOW
Dma.USART1_TX.1.RequestNumber=1
Dma.USART1_TX.1.RequestParameters=Instance,Direction,PeriphInc,MemInc,PeriphDataAlignment,MemDataAlignment,Mode,Priority,SignalID,Polarity,RequestNumber,SyncSignalID,SyncPolarity,SyncEnable,EventEnable,SyncRequestNumber
Dma.USART1_TX.1.SignalID=NONE
Dma.USART1_TX.1.SyncEnable=DISABLE
Dma.USART1_TX.1.SyncPolarity=HAL_DMAMUX_SYNC_NO_EVENT
Dma.USART1_TX.1.SyncRequestNumber=1
Dma.USART1_TX.1.SyncSignalID=NONE
File.Version=6
KeepUserPlacement=true
LPUART1.BaudRate=115200
LPUART1.ClockPrescaler=UART_PRESCALER_DIV1
LPUART1.DMADisableonRxErrorParam=UART_ADVFEATURE_DMA_ENABLEONRXERROR
LPUART1.DataInvertParam=UART_ADVFEATURE_DATAINV_DISABLE
LPUART1.FIFOMode=UART_FIFOMODE_DISABLE
LPUART1.IPParameters=BaudRate,WordLength,Parity,StopBits,Mode,OneBitSampling,ClockPrescaler,FIFOMode,TXFIFOThreshold,RXFIFOThreshold,TxPinLevelInvertParam,RxPinLevelInvertParam,DataInvertParam,SwapParam,OverrunDisableParam,DMADisableonRxErrorParam,MSBFirstParam
LPUART1.IPParametersWithoutCheck=BaudRate
LPUART1.MSBFirstParam=UART_ADVFEATURE_MSBFIRST_DISABLE
LPUART1.Mode=UART_MODE_TX_RX
LPUART1.OneBitSampling=UART_ONE_BIT_SAMPLE_DISABLE
LPUART1.OverrunDisableParam=UART_ADVFEATURE_OVERRUN_ENABLE
LPUART1.Parity=UART_PARITY_NONE
LPUART1.RXFIFOThreshold=UART_RXFIFO_THRESHOLD_1_8
LPUART1.RxPinLevelInvertParam=UART_ADVFEATURE_RXINV_DISABLE
LPUART1.StopBits=UART_STOPBITS_1
LPUART1.SwapParam=UART_ADVFEATURE_SWAP_DISABLE
LPUART1.TXFIFOThreshold=UART_TXFIFO_THRESHOLD_1_8
LPUART1.TxPinLevelInvertParam=UART_ADVFEATURE_TXINV_DISABLE
LPUART1.WordLength=UART_WORDLENGTH_8B
Mcu.CPN=STM32WB55RGV6
Mcu.Family=STM32WB
Mcu.IP0=DMA
Mcu.IP1=HSEM
Mcu.IP10=STM32_WPAN
Mcu.IP11=SYS
Mcu.IP12=TINY_LPM
Mcu.IP13=USART1
Mcu.IP2=IPCC
Mcu.IP3=LPUART1
Mcu.IP4=NVIC
Mcu.IP5=RCC
Mcu.IP6=RF
Mcu.IP7=RNG
Mcu.IP8=RTC
Mcu.IP9=SEQUENCER
Mcu.IPNb=14
Mcu.Name=STM32WB55RGVx
Mcu.Package=VFQFPN68
Mcu.Pin0=PC14-OSC32_IN
Mcu.Pin1=PC15-OSC32_OUT
Mcu.Pin10=PB7
Mcu.Pin11=VP_HSEM_VS_HSEM
Mcu.Pin12=VP_IPCC_VS_IPCC
Mcu.Pin13=VP_RNG_VS_RNG
Mcu.Pin14=VP_RTC_VS_RTC_Activate
Mcu.Pin15=VP_RTC_VS_RTC_WakeUp_intern
Mcu.Pin16=VP_SEQUENCER_VS_SEQUENCER
Mcu.Pin17=VP_STM32_WPAN_VS_BLE_HOST
Mcu.Pin18=VP_SYS_VS_Systick
Mcu.Pin19=VP_TINY_LPM_VS_TINY_LPM
Mcu.Pin2=PA2
Mcu.Pin3=PA3
Mcu.Pin4=RF1
Mcu.Pin5=OSC_OUT
Mcu.Pin6=OSC_IN
Mcu.Pin7=PA13
Mcu.Pin8=PA14
Mcu.Pin9=PB6
Mcu.PinsNb=20
Mcu.ThirdPartyNb=0
Mcu.UserConstants=
Mcu.UserName=STM32WB55RGVx
MxCube.Version=6.11.0
MxDb.Version=DB.6.0.110
NVIC.BusFault_IRQn=true\:0\:0\:false\:false\:true\:false\:false\:false
NVIC.DMA1_Channel4_IRQn=true\:15\:0\:true\:false\:true\:false\:true\:true
NVIC.DMA2_Channel4_IRQn=true\:15\:0\:true\:false\:true\:false\:true\:true
NVIC.DebugMonitor_IRQn=true\:0\:0\:false\:false\:true\:false\:false\:false
NVIC.ForceEnableDMAVector=true
NVIC.HSEM_IRQn=true\:0\:0\:false\:false\:true\:false\:true\:true
NVIC.HardFault_IRQn=true\:0\:0\:false\:false\:true\:false\:false\:false
NVIC.IPCC_C1_RX_IRQn=true\:0\:0\:false\:false\:true\:true\:true\:true
NVIC.IPCC_C1_TX_IRQn=true\:0\:0\:false\:false\:true\:true\:true\:true
NVIC.LPUART1_IRQn=true\:0\:0\:false\:false\:true\:true\:true\:true
NVIC.MemoryManagement_IRQn=true\:0\:0\:false\:false\:true\:false\:false\:false
NVIC.NonMaskableInt_IRQn=true\:0\:0\:false\:false\:true\:false\:false\:false
NVIC.PendSV_IRQn=true\:0\:0\:false\:false\:true\:false\:false\:false
NVIC.PriorityGroup=NVIC_PRIORITYGROUP_4
NVIC.RTC_WKUP_IRQn=true\:0\:0\:false\:false\:true\:true\:true\:true
NVIC.SVCall_IRQn=true\:0\:0\:false\:false\:true\:false\:false\:false
NVIC.SysTick_IRQn=true\:0\:0\:false\:false\:true\:false\:true\:false
NVIC.USART1_IRQn=true\:0\:0\:false\:false\:true\:true\:true\:true
NVIC.UsageFault_IRQn=true\:0\:0\:false\:false\:true\:false\:false\:false
OSC_IN.Mode=HSE-External-Oscillator
OSC_IN.Signal=RCC_OSC_IN
OSC_OUT.Mode=HSE-External-Oscillator
OSC_OUT.Signal=RCC_OSC_OUT
PA13.Mode=Serial_Wire
PA13.Signal=SYS_JTMS-SWDIO
PA14.Mode=Serial_Wire
PA14.Signal=SYS_JTCK-SWCLK
PA2.GPIOParameters=GPIO_Speed,GPIO_PuPd,GPIO_Mode
PA2.GPIO_Mode=GPIO_MODE_AF_PP
PA2.GPIO_PuPd=GPIO_NOPULL
PA2.GPIO_Speed=GPIO_SPEED_FREQ_VERY_HIGH
PA2.Locked=true
PA2.Mode=Asynchronous
PA2.Signal=LPUART1_TX
PA3.GPIOParameters=GPIO_Speed,GPIO_PuPd,GPIO_Mode
PA3.GPIO_Mode=GPIO_MODE_AF_PP
PA3.GPIO_PuPd=GPIO_NOPULL
PA3.GPIO_Speed=GPIO_SPEED_FREQ_VERY_HIGH
PA3.Locked=true
PA3.Mode=Asynchronous
PA3.Signal=LPUART1_RX
PB6.GPIOParameters=GPIO_Speed,GPIO_FM6,GPIO_PuPd,GPIO_Mode
PB6.GPIO_FM6=__NULL
PB6.GPIO_Mode=GPIO_MODE_AF_PP
PB6.GPIO_PuPd=GPIO_PULLUP
PB6.GPIO_Speed=GPIO_SPEED_FREQ_VERY_HIGH
PB6.Locked=true
PB6.Mode=Asynchronous
PB6.Signal=USART1_TX
PB7.GPIOParameters=GPIO_Speed,GPIO_PuPd,GPIO_FM7,GPIO_Mode
PB7.GPIO_FM7=__NULL
PB7.GPIO_Mode=GPIO_MODE_AF_PP
PB7.GPIO_PuPd=GPIO_PULLUP
PB7.GPIO_Speed=GPIO_SPEED_FREQ_VERY_HIGH
PB7.Locked=true
PB7.Mode=Asynchronous
PB7.Signal=USART1_RX
PC14-OSC32_IN.Mode=LSE-External-Oscillator
PC14-OSC32_IN.Signal=RCC_OSC32_IN
PC15-OSC32_OUT.Mode=LSE-External-Oscillator
PC15-OSC32_OUT.Signal=RCC_OSC32_OUT
PCC.Ble.ConnectionInterval=1000.0
PCC.Ble.DataLength=6
PCC.Ble.IsUsed=false
PCC.Ble.Mode=NOT_SELECTED
PCC.Ble.PowerLevel=Min
PCC.Zigbee.IsUsed=false
PCC.Zigbee.Mode=Sleepy End Device
PCC.Zigbee.Payload=15
PCC.Zigbee.PoolPeriodicity=30.0
PCC.Zigbee.PowerLevel=Min
PCC.Zigbee.RequestPeriodicity=500.0
PinOutPanel.RotationAngle=0
ProjectManager.AskForMigrate=true
ProjectManager.BackupPrevious=false
ProjectManager.CompilerOptimize=6
ProjectManager.ComputerToolchain=false
ProjectManager.CoupleFile=false
ProjectManager.DeletePrevious=true
ProjectManager.DeviceId=STM32WB55RGVx
ProjectManager.Example=BLE_p2pServer
ProjectManager.ExampleSource=CubeFw
ProjectManager.FreePins=false
ProjectManager.HalAssertFull=false
ProjectManager.HeapSize=0x400
ProjectManager.KeepUserCode=true
ProjectManager.LastFirmware=false
ProjectManager.LibraryCopy=2
ProjectManager.MainLocation=Core/Src
ProjectManager.NoMain=false
ProjectManager.PreviousToolchain=
ProjectManager.ProjectBuild=false
ProjectManager.ProjectFileName=BLE_p2pServer.ioc
ProjectManager.ProjectName=BLE_p2pServer
ProjectManager.ProjectStructure=
ProjectManager.RegisterCallBack=
ProjectManager.StackSize=0x1000
ProjectManager.TargetToolchain=EWARM V8
ProjectManager.ToolChainLocation=
ProjectManager.UAScriptAfterPath=
ProjectManager.UAScriptBeforePath=
ProjectManager.UnderRoot=false
ProjectManager.functionlistsort=1-MX_GPIO_Init-GPIO-false-HAL-true,2-MX_DMA_Init-DMA-false-HAL-true,3-SystemClock_Config-RCC-false-HAL-false,4-MX_LPUART1_UART_Init-LPUART1-true-HAL-false,5-MX_USART1_UART_Init-USART1-true-HAL-false,6-MX_RTC_Init-RTC-false-HAL-true,7-APPE_Init-STM32_WPAN-false-HAL-false,8-MX_IPCC_Init-IPCC-false-HAL-true,9-MX_RNG_Init-RNG-false-HAL-true,0-MX_RF_Init-RF-false-HAL-true,0-MX_HSEM_Init-HSEM-false-HAL-true
RCC.ADCFreq_Value=64000000
RCC.AHBFreq_Value=32000000
RCC.APB1Freq_Value=32000000
RCC.APB1TimFreq_Value=32000000
RCC.APB2Freq_Value=32000000
RCC.APB2TimFreq_Value=32000000
RCC.APB3Freq_Value=16000000
RCC.CK48CLockSelection=RCC_USBCLKSOURCE_HSI48
RCC.Cortex2Freq_Value=32000000
RCC.CortexFreq_Value=32000000
RCC.FCLK2Freq_Value=32000000
RCC.FCLKCortexFreq_Value=32000000
RCC.FamilyName=M
RCC.HCLK2Freq_Value=32000000
RCC.HCLK3Freq_Value=32000000
RCC.HCLKFreq_Value=32000000
RCC.HCLKRFFreq_Value=16000000
RCC.HSE_VALUE=32000000
RCC.HSI48_VALUE=48000000
RCC.HSI_VALUE=16000000
RCC.I2C1Freq_Value=32000000
RCC.I2C3Freq_Value=32000000
RCC.IPParameters=ADCFreq_Value,AHBFreq_Value,APB1Freq_Value,APB1TimFreq_Value,APB2Freq_Value,APB2TimFreq_Value,APB3Freq_Value,CK48CLockSelection,Cortex2Freq_Value,CortexFreq_Value,FCLK2Freq_Value,FCLKCortexFreq_Value,FamilyName,HCLK2Freq_Value,HCLK3Freq_Value,HCLKFreq_Value,HCLKRFFreq_Value,HSE_VALUE,HSI48_VALUE,HSI_VALUE,I2C1Freq_Value,I2C3Freq_Value,LCDFreq_Value,LPTIM1Freq_Value,LPTIM2Freq_Value,LPUART1Freq_Value,LSCOPinFreq_Value,LSE_Drive_Capability,LSI_VALUE,MCO1PinFreq_Value,PLLPoutputFreq_Value,PLLQoutputFreq_Value,PLLRCLKFreq_Value,PLLSAI1PoutputFreq_Value,PLLSAI1QoutputFreq_Value,PLLSAI1RoutputFreq_Value,PLLSourceVirtual,PWRFreq_Value,RFWKPClockSelection,RFWKPFreq_Value,RNGCLockSelection,RNGFreq_Value,RTCClockSelection,RTCFreq_Value,SAI1Freq_Value,SMPS1Freq_Value,SMPSCLockSelectionVirtual,SMPSDivider,SMPSFreq_Value,SYSCLKFreq_VALUE,SYSCLKSource,USART1Freq_Value,USBFreq_Value,VCOInputFreq_Value,VCOOutputFreq_Value,VCOSAI1OutputFreq_Value
RCC.LCDFreq_Value=32768
RCC.LPTIM1Freq_Value=32000000
RCC.LPTIM2Freq_Value=32000000
RCC.LPUART1Freq_Value=32000000
RCC.LSCOPinFreq_Value=32000
RCC.LSE_Drive_Capability=RCC_LSEDRIVE_LOW
RCC.LSI_VALUE=32000
RCC.MCO1PinFreq_Value=32000000
RCC.PLLPoutputFreq_Value=64000000
RCC.PLLQoutputFreq_Value=64000000
RCC.PLLRCLKFreq_Value=64000000
RCC.PLLSAI1PoutputFreq_Value=64000000
RCC.PLLSAI1QoutputFreq_Value=64000000
RCC.PLLSAI1RoutputFreq_Value=64000000
RCC.PLLSourceVirtual=RCC_PLLSOURCE_HSI
RCC.PWRFreq_Value=32000000
RCC.RFWKPClockSelection=RCC_RFWKPCLKSOURCE_LSE
RCC.RFWKPFreq_Value=32768
RCC.RNGCLockSelection=RCC_RNGCLKSOURCE_CLK48
RCC.RNGFreq_Value=16000000
RCC.RTCClockSelection=RCC_RTCCLKSOURCE_LSE
RCC.RTCFreq_Value=32768
RCC.SAI1Freq_Value=64000000
RCC.SMPS1Freq_Value=8000000
RCC.SMPSCLockSelectionVirtual=RCC_SMPSCLKSOURCE_HSE
RCC.SMPSDivider=4
RCC.SMPSFreq_Value=4000000
RCC.SYSCLKFreq_VALUE=32000000
RCC.SYSCLKSource=RCC_SYSCLKSOURCE_HSE
RCC.USART1Freq_Value=32000000
RCC.USBFreq_Value=48000000
RCC.VCOInputFreq_Value=16000000
RCC.VCOOutputFreq_Value=128000000
RCC.VCOSAI1OutputFreq_Value=128000000
RF1.Mode=RF1_Activate
RF1.Signal=RF_RF1
STM32_WPAN.BLE_ADDR_TYPE=PUBLIC_ADDR
STM32_WPAN.BLE_APPLICATION_TYPE=BLE_SERVER_PROFILE
STM32_WPAN.BLE_CFG_SVC_MAX_NBR_CB=1
STM32_WPAN.BLE_DBG_APP_EN=0
STM32_WPAN.BLE_DBG_P2P_STM_EN=1
STM32_WPAN.CFG_ADV_BD_ADDRESS=0x7257acd87a6c
STM32_WPAN.CFG_BLE_MAX_CONN_EVENT_LENGTH=0xFFFFFFFF
STM32_WPAN.CFG_BLE_MAX_TX_POWER=6
STM32_WPAN.CFG_BLE_MIN_TX_POWER=-40
STM32_WPAN.CFG_CONSOLE_MENU=hw_lpuart1
STM32_WPAN.CFG_DEBUGGER_SUPPORTED=1
STM32_WPAN.CFG_DEBUG_APP_TRACE=1
STM32_WPAN.CFG_DEBUG_BLE_TRACE=1
STM32_WPAN.CFG_DEBUG_TRACE_LIGHT=1
STM32_WPAN.CFG_DEBUG_TRACE_UART=hw_uart1
STM32_WPAN.CFG_FAST_CONN_ADV_INTERVAL_MAX=100
STM32_WPAN.CFG_FAST_CONN_ADV_INTERVAL_MAX_HEXA=0xa0
STM32_WPAN.CFG_FAST_CONN_ADV_INTERVAL_MIN=80
STM32_WPAN.CFG_HW_LPUART1_ENABLED=1
STM32_WPAN.CFG_HW_RESET_BY_FW=1
STM32_WPAN.CFG_HW_TS_MAX_NBR_CONCURRENT_TIMER=6
STM32_WPAN.CFG_HW_TS_NVIC_RTC_WAKEUP_IT_PREEMPTPRIO=3
STM32_WPAN.CFG_HW_TS_NVIC_RTC_WAKEUP_IT_SUBPRIO=0
STM32_WPAN.CFG_HW_TS_USE_PRIMASK_AS_CRITICAL_SECTION=1
STM32_WPAN.CFG_HW_USART1_ENABLED=1
STM32_WPAN.CFG_IO_CAPABILITY=CFG_IO_CAPABILITY_DISPLAY_YES_NO
STM32_WPAN.CFG_LPM_SUPPORTED=1
STM32_WPAN.CFG_LP_CONN_ADV_INTERVAL_MAX=2500
STM32_WPAN.CFG_LP_CONN_ADV_INTERVAL_MAX_HEXA=0xfa0
STM32_WPAN.CFG_LP_CONN_ADV_INTERVAL_MIN=1000
STM32_WPAN.CFG_MITM_PROTECTION=CFG_MITM_PROTECTION_REQUIRED
STM32_WPAN.CFG_RTCCLK_DIVIDER_CONF=0
STM32_WPAN.CFG_USE_SMPS=0
STM32_WPAN.CUSTOM_P2P_SERVER=Enabled
STM32_WPAN.CUSTOM_TEMPLATE=Disabled
STM32_WPAN.DBG_TRACE_UART_CFG=hw_uart1
STM32_WPAN.IPParameters=P2P_SERVER_NUMBER,CFG_FAST_CONN_ADV_INTERVAL_MAX_HEXA,CFG_LP_CONN_ADV_INTERVAL_MAX_HEXA,CFG_HW_LPUART1_ENABLED,CFG_DEBUG_BLE_TRACE,CFG_DEBUG_APP_TRACE,DBG_TRACE_UART_CFG,CFG_ADV_BD_ADDRESS,CFG_LP_CONN_ADV_INTERVAL_MAX,CFG_LP_CONN_ADV_INTERVAL_MIN,BLE_DBG_P2P_STM_EN,CFG_HW_USART1_ENABLED,CFG_LPM_SUPPORTED,L2CAP_REQUEST_NEW_CONN_PARAM,BLE_APPLICATION_TYPE,CUSTOM_P2P_SERVER,CUSTOM_TEMPLATE,BLE_CFG_SVC_MAX_NBR_CB,CFG_HW_TS_MAX_NBR_CONCURRENT_TIMER,CFG_HW_TS_NVIC_RTC_WAKEUP_IT_PREEMPTPRIO,CFG_HW_TS_NVIC_RTC_WAKEUP_IT_SUBPRIO,CFG_HW_TS_USE_PRIMASK_AS_CRITICAL_SECTION,CFG_HW_RESET_BY_FW,CFG_DEBUGGER_SUPPORTED,CFG_FAST_CONN_ADV_INTERVAL_MIN,CFG_FAST_CONN_ADV_INTERVAL_MAX,CFG_IO_CAPABILITY,CFG_MITM_PROTECTION,CFG_RTCCLK_DIVIDER_CONF,CFG_DEBUG_TRACE_UART,BLE_DBG_APP_EN,CFG_DEBUG_TRACE_LIGHT,CFG_CONSOLE_MENU,CFG_USE_SMPS,CFG_BLE_MAX_CONN_EVENT_LENGTH,BLE_ADDR_TYPE,STATIC_RANDOM_ADDRESS,CFG_BLE_MIN_TX_POWER,CFG_BLE_MAX_TX_POWER
STM32_WPAN.L2CAP_REQUEST_NEW_CONN_PARAM=1
STM32_WPAN.P2P_SERVER_NUMBER=P2P_SERVER1
STM32_WPAN.STATIC_RANDOM_ADDRESS=0xccbbaa998877
USART1.AutoBaudRateEnableParam=UART_ADVFEATURE_AUTOBAUDRATE_DISABLE
USART1.BaudRate=115200
USART1.ClockPrescaler=PRESCALER_DIV1
USART1.DMADisableonRxErrorParam=ADVFEATURE_DMA_ENABLEONRXERROR
USART1.DataInvertParam=ADVFEATURE_DATAINV_DISABLE
USART1.FIFOMode=FIFOMODE_DISABLE
USART1.IPParameters=BaudRate,WordLength,Parity,StopBits,Mode,OverSampling,OneBitSampling,ClockPrescaler,FIFOMode,TXFIFOThreshold,RXFIFOThreshold,AutoBaudRateEnableParam,TxPinLevelInvertParam,RxPinLevelInvertParam,DataInvertParam,SwapParam,OverrunDisableParam,DMADisableonRxErrorParam,MSBFirstParam,VirtualMode-Asynchronous
USART1.IPParametersWithoutCheck=BaudRate
USART1.MSBFirstParam=ADVFEATURE_MSBFIRST_DISABLE
USART1.Mode=MODE_TX_RX
USART1.OneBitSampling=UART_ONE_BIT_SAMPLE_DISABLE
USART1.OverSampling=UART_OVERSAMPLING_8
USART1.OverrunDisableParam=ADVFEATURE_OVERRUN_ENABLE
USART1.Parity=PARITY_NONE
USART1.RXFIFOThreshold=RXFIFO_THRESHOLD_1EIGHTHFULL
USART1.RxPinLevelInvertParam=ADVFEATURE_RXINV_DISABLE
USART1.StopBits=STOPBITS_1
USART1.SwapParam=ADVFEATURE_SWAP_DISABLE
USART1.TXFIFOThreshold=TXFIFO_THRESHOLD_1EIGHTHFULL
USART1.TxPinLevelInvertParam=ADVFEATURE_TXINV_DISABLE
USART1.VirtualMode-Asynchronous=VM_ASYNC
USART1.WordLength=WORDLENGTH_8B
VP_HSEM_VS_HSEM.Mode=HSEM_Activate
VP_HSEM_VS_HSEM.Signal=HSEM_VS_HSEM
VP_IPCC_VS_IPCC.Mode=IPCC_Activate
VP_IPCC_VS_IPCC.Signal=IPCC_VS_IPCC
VP_RNG_VS_RNG.Mode=RNG_Activate
VP_RNG_VS_RNG.Signal=RNG_VS_RNG
VP_RTC_VS_RTC_Activate.Mode=RTC_Enabled
VP_RTC_VS_RTC_Activate.Signal=RTC_VS_RTC_Activate
VP_RTC_VS_RTC_WakeUp_intern.Mode=WakeUp
VP_RTC_VS_RTC_WakeUp_intern.Signal=RTC_VS_RTC_WakeUp_intern
VP_SEQUENCER_VS_SEQUENCER.Mode=SEQUENCER_Enabled
VP_SEQUENCER_VS_SEQUENCER.Signal=SEQUENCER_VS_SEQUENCER
VP_STM32_WPAN_VS_BLE_HOST.Mode=STM32_WPAN_Enabled
VP_STM32_WPAN_VS_BLE_HOST.Signal=STM32_WPAN_VS_BLE_HOST
VP_SYS_VS_Systick.Mode=SysTick
VP_SYS_VS_Systick.Signal=SYS_VS_Systick
VP_TINY_LPM_VS_TINY_LPM.Mode=TINY_LPM_Enabled
VP_TINY_LPM_VS_TINY_LPM.Signal=TINY_LPM_VS_TINY_LPM
board=custom
